{
  "name": "monorepo-test",
  "version": "1.0.0",
  "lockfileVersion": 2,
  "requires": true,
  "packages": {
    "": {
      "name": "monorepo-test",
      "version": "1.0.0",
      "license": "GPL",
      "workspaces": {
        "packages": [
          "packages/*",
          "wrappers/*"
        ]
      }
    },
    "node_modules/lib1": {
      "resolved": "wrappers/lib1",
      "link": true
    },
    "node_modules/lib2": {
      "resolved": "wrappers/lib2",
      "link": true
    },
    "node_modules/monorepo-test": {
      "resolved": "packages/thisPackage",
      "link": true
    },
    "packages/thisPackage": {
      "version": "1.0.0",
      "license": "GPL",
      "workspaces": {
        "packages": [
          "packages/*",
          "wrappers/*"
        ]
      }
    },
    "wrappers/lib1": {
      "version": "1.0.0",
      "license": "ISC"
    },
    "wrappers/lib2": {
      "version": "1.0.0",
      "license": "ISC"
    }
  },
  "dependencies": {
    "lib1": {
      "version": "file:wrappers/lib1"
    },
    "lib2": {
      "version": "file:wrappers/lib2"
    },
    "monorepo-test": {
      "version": "file:packages/thisPackage"
    }
  }
}
