{
  "name": "monorepo-test",
  "version": "1.0.0",
  "lockfileVersion": 2,
  "requires": true,
  "packages": {
    "": {
      "name": "monorepo-test",
      "version": "1.0.0",
      "license": "GPL",
      "workspaces": {
        "packages": [
          "packages/*"
        ]
      }
    },
    "node_modules/lib1": {
      "resolved": "packages/lib1",
      "link": true
    },
    "node_modules/lib2": {
      "resolved": "packages/lib2",
      "link": true
    },
    "node_modules/monorepo-test": {
      "resolved": "packages/monorepo-testing",
      "link": true
    },
    "packages/lib1": {
      "version": "1.0.0",
      "license": "ISC"
    },
    "packages/lib2": {
      "version": "1.0.0",
      "license": "ISC"
    },
    "packages/monorepo-testing": {
      "version": "1.0.0",
      "license": "GPL",
      "workspaces": {
        "packages": [
          "packages/*"
        ]
      }
    }
  },
  "dependencies": {
    "lib1": {
      "version": "file:packages/lib1"
    },
    "lib2": {
      "version": "file:packages/lib2"
    },
    "monorepo-test": {
      "version": "file:packages/monorepo-testing"
    }
  }
}
