{
  "name": "monorepo-test",
  "version": "1.0.1",
  "lockfileVersion": 2,
  "requires": true,
  "packages": {
    "": {
      "name": "monorepo-test",
      "version": "1.0.1",
      "license": "GPL",
      "workspaces": {
        "packages": [
          "packages/*"
        ]
      }
    },
    "node_modules/array-uniq": {
      "version": "1.0.2",
      "resolved": "https://registry.npmjs.org/array-uniq/-/array-uniq-1.0.2.tgz",
      "integrity": "sha1-X8w3OSB3VyPP1k1lxkvvU7+eum0=",
      "engines": {
        "node": ">=0.10.0"
      }
    },
    "node_modules/lib1": {
      "resolved": "packages/lib1",
      "link": true
    },
    "node_modules/lib2": {
      "resolved": "packages/lib2",
      "link": true
    },
    "node_modules/monorepo-test": {
      "resolved": "packages/monorepo-testing",
      "link": true
    },
    "node_modules/randomstring": {
      "version": "1.1.5",
      "resolved": "https://registry.npmjs.org/randomstring/-/randomstring-1.1.5.tgz",
      "integrity": "sha1-bfBij3XL1ZMpMNn+OrTpVqGFGMM=",
      "dependencies": {
        "array-uniq": "1.0.2"
      },
      "bin": {
        "randomstring": "bin/randomstring"
      },
      "engines": {
        "node": "*"
      }
    },
    "packages/lib1": {
      "version": "1.0.0",
      "license": "ISC"
    },
    "packages/lib2": {
      "version": "1.0.0",
      "license": "ISC",
      "dependencies": {
        "randomstring": "^1.1.5"
      }
    },
    "packages/monorepo-testing": {
      "name": "monorepo-test",
      "version": "1.0.1",
      "license": "GPL",
      "workspaces": {
        "packages": [
          "packages/*"
        ]
      }
    }
  },
  "dependencies": {
    "array-uniq": {
      "version": "1.0.2",
      "resolved": "https://registry.npmjs.org/array-uniq/-/array-uniq-1.0.2.tgz",
      "integrity": "sha1-X8w3OSB3VyPP1k1lxkvvU7+eum0="
    },
    "lib1": {
      "version": "file:packages/lib1"
    },
    "lib2": {
      "version": "file:packages/lib2",
      "requires": {
        "randomstring": "^1.1.5"
      }
    },
    "monorepo-test": {
      "version": "file:packages/monorepo-testing"
    },
    "randomstring": {
      "version": "1.1.5",
      "resolved": "https://registry.npmjs.org/randomstring/-/randomstring-1.1.5.tgz",
      "integrity": "sha1-bfBij3XL1ZMpMNn+OrTpVqGFGMM=",
      "requires": {
        "array-uniq": "1.0.2"
      }
    }
  }
}
